<?xml version="1.0" encoding="utf-8"?>
<Project ToolsVersion="4.0" xmlns="http://schemas.microsoft.com/developer/msbuild/2003">
  <ItemGroup>
    <Filter Include="Source Files">
      <UniqueIdentifier>{4FC737F1-C7A5-4376-A066-2A32D752A2FF}</UniqueIdentifier>
      <Extensions>cpp;c;cc;cxx;def;odl;idl;hpj;bat;asm;asmx</Extensions>
    </Filter>
    <Filter Include="Header Files">
      <UniqueIdentifier>{93995380-89BD-4b04-88EB-625FBE52EBFB}</UniqueIdentifier>
      <Extensions>h;hh;hpp;hxx;hm;inl;inc;xsd</Extensions>
    </Filter>
    <Filter Include="Resource Files">
      <UniqueIdentifier>{67DA6AB6-F800-4c08-8B7A-83BB121AAD01}</UniqueIdentifier>
      <Extensions>rc;ico;cur;bmp;dlg;rc2;rct;bin;rgs;gif;jpg;jpeg;jpe;resx;tiff;tif;png;wav;mfcribbon-ms</Extensions>
    </Filter>
    <Filter Include="Header Files\FormatUnpackers">
      <UniqueIdentifier>{c4b35cc2-eb7e-4d09-90f7-010946d47919}</UniqueIdentifier>
    </Filter>
    <Filter Include="Header Files\ResFileUnpackers">
      <UniqueIdentifier>{34ae4657-eb1a-423f-94a4-8aa515c32cfc}</UniqueIdentifier>
    </Filter>
    <Filter Include="Header Files\Formats">
      <UniqueIdentifier>{f28a631c-f0d8-407d-8cc5-694f3aac3d8a}</UniqueIdentifier>
    </Filter>
  </ItemGroup>
  <ItemGroup>
    <ClCompile Include="main.cpp">
      <Filter>Source Files</Filter>
    </ClCompile>
  </ItemGroup>
  <ItemGroup>
    <ClInclude Include="ClashResUnpacker.h">
      <Filter>Header Files</Filter>
    </ClInclude>
    <ClInclude Include="Utils.h">
      <Filter>Header Files</Filter>
    </ClInclude>
    <ClInclude Include="Unpacker.h">
      <Filter>Header Files\ResFileUnpackers</Filter>
    </ClInclude>
    <ClInclude Include="MaximumUnpacker.h">
      <Filter>Header Files\ResFileUnpackers</Filter>
    </ClInclude>
    <ClInclude Include="MusicUnpacker.h">
      <Filter>Header Files\ResFileUnpackers</Filter>
    </ClInclude>
    <ClInclude Include="UnpackerFactory.h">
      <Filter>Header Files\ResFileUnpackers</Filter>
    </ClInclude>
    <ClInclude Include="DefaultUnpacker.h">
      <Filter>Header Files\ResFileUnpackers</Filter>
    </ClInclude>
    <ClInclude Include="NormalUnpacker.h">
      <Filter>Header Files\ResFileUnpackers</Filter>
    </ClInclude>
    <ClInclude Include="Color.h">
      <Filter>Header Files</Filter>
    </ClInclude>
    <ClInclude Include="MinimumUnpacker.h">
      <Filter>Header Files\ResFileUnpackers</Filter>
    </ClInclude>
    <ClInclude Include="Gfx3Unpacker.h">
      <Filter>Header Files\ResFileUnpackers</Filter>
    </ClInclude>
    <ClInclude Include="SetupUnpacker.h">
      <Filter>Header Files\ResFileUnpackers</Filter>
    </ClInclude>
    <ClInclude Include="InfoAngUnpacker.h">
      <Filter>Header Files\ResFileUnpackers</Filter>
    </ClInclude>
    <ClInclude Include="InfoPolUnpacker.h">
      <Filter>Header Files\ResFileUnpackers</Filter>
    </ClInclude>
    <ClInclude Include="MapsUnpacker.h">
      <Filter>Header Files\ResFileUnpackers</Filter>
    </ClInclude>
    <ClInclude Include="MapUnpacker.h">
      <Filter>Header Files\ResFileUnpackers</Filter>
    </ClInclude>
    <ClInclude Include="IsUnpacker.h">
      <Filter>Header Files\ResFileUnpackers</Filter>
    </ClInclude>
    <ClInclude Include="S32Unpacker.h">
      <Filter>Header Files\FormatUnpackers</Filter>
    </ClInclude>
    <ClInclude Include="PcxUnpacker.h">
      <Filter>Header Files\FormatUnpackers</Filter>
    </ClInclude>
    <ClInclude Include="WavUnpacker.h">
      <Filter>Header Files\FormatUnpackers</Filter>
    </ClInclude>
    <ClInclude Include="InfostreamUnpacker.h">
      <Filter>Header Files\FormatUnpackers</Filter>
    </ClInclude>
    <ClInclude Include="FormatUnpacker.h">
      <Filter>Header Files\FormatUnpackers</Filter>
    </ClInclude>
    <ClInclude Include="Palette.h">
      <Filter>Header Files\Formats</Filter>
    </ClInclude>
    <ClInclude Include="S32File.h">
      <Filter>Header Files\Formats</Filter>
    </ClInclude>
  </ItemGroup>
</Project>